
Microsoft Visual Studio Solution File, Format Version 12.00
# Visual Studio Version 16
VisualStudioVersion = 16.0.29911.84
MinimumVisualStudioVersion = 10.0.40219.1
Project("{9A19103F-16F7-4668-BE54-9A1E7A4F7556}") = "TDSDispatcher", "TDSDispatcher\TDSDispatcher.csproj", "{68265F2C-C538-47C7-ADE8-34B8F577679E}"
EndProject
Project("{9A19103F-16F7-4668-BE54-9A1E7A4F7556}") = "TDSDTO", "..\tds\TDSServer\TDSDTO\TDSDTO.csproj", "{6ED7EF70-7AB0-49C3-8546-A047D71784BE}"
EndProject
Project("{FAE04EC0-301F-11D3-BF4B-00C04F79EFBC}") = "TDSDTO.Tests", "TDSDTO.Tests\TDSDTO.Tests.csproj", "{F50C0702-0AD4-42ED-8996-807F104AF8CA}"
EndProject
Global
	GlobalSection(SolutionConfigurationPlatforms) = preSolution
		Debug|Any CPU = Debug|Any CPU
		Release|Any CPU = Release|Any CPU
	EndGlobalSection
	GlobalSection(ProjectConfigurationPlatforms) = postSolution
		{68265F2C-C538-47C7-ADE8-34B8F577679E}.Debug|Any CPU.ActiveCfg = Debug|Any CPU
		{68265F2C-C538-47C7-ADE8-34B8F577679E}.Debug|Any CPU.Build.0 = Debug|Any CPU
		{68265F2C-C538-47C7-ADE8-34B8F577679E}.Release|Any CPU.ActiveCfg = Release|Any CPU
		{68265F2C-C538-47C7-ADE8-34B8F577679E}.Release|Any CPU.Build.0 = Release|Any CPU
		{6ED7EF70-7AB0-49C3-8546-A047D71784BE}.Debug|Any CPU.ActiveCfg = Debug|Any CPU
		{6ED7EF70-7AB0-49C3-8546-A047D71784BE}.Debug|Any CPU.Build.0 = Debug|Any CPU
		{6ED7EF70-7AB0-49C3-8546-A047D71784BE}.Release|Any CPU.ActiveCfg = Release|Any CPU
		{6ED7EF70-7AB0-49C3-8546-A047D71784BE}.Release|Any CPU.Build.0 = Release|Any CPU
		{F50C0702-0AD4-42ED-8996-807F104AF8CA}.Debug|Any CPU.ActiveCfg = Debug|Any CPU
		{F50C0702-0AD4-42ED-8996-807F104AF8CA}.Debug|Any CPU.Build.0 = Debug|Any CPU
		{F50C0702-0AD4-42ED-8996-807F104AF8CA}.Release|Any CPU.ActiveCfg = Release|Any CPU
		{F50C0702-0AD4-42ED-8996-807F104AF8CA}.Release|Any CPU.Build.0 = Release|Any CPU
	EndGlobalSection
	GlobalSection(SolutionProperties) = preSolution
		HideSolutionNode = FALSE
	EndGlobalSection
	GlobalSection(ExtensibilityGlobals) = postSolution
		SolutionGuid = {02862034-738E-4972-83AF-BA57BF6EA7AE}
	EndGlobalSection
EndGlobal
